
Microsoft Visual Studio Solution File, Format Version 12.00
# Visual Studio Version 17
VisualStudioVersion = 17.0.32126.317
MinimumVisualStudioVersion = 10.0.40219.1
Project("{8BC9CEB8-8B4A-11D0-8D11-00A0C91BC942}") = "lab4_quickSort", "lab4_quickSort.vcxproj", "{5CBD4ABC-5810-4335-90A8-1E118F8D97D7}"
EndProject
Global
	GlobalSection(SolutionConfigurationPlatforms) = preSolution
		Debug|x64 = Debug|x64
		Debug|x86 = Debug|x86
		Release|x64 = Release|x64
		Release|x86 = Release|x86
	EndGlobalSection
	GlobalSection(ProjectConfigurationPlatforms) = postSolution
		{5CBD4ABC-5810-4335-90A8-1E118F8D97D7}.Debug|x64.ActiveCfg = Debug|x64
		{5CBD4ABC-5810-4335-90A8-1E118F8D97D7}.Debug|x64.Build.0 = Debug|x64
		{5CBD4ABC-5810-4335-90A8-1E118F8D97D7}.Debug|x86.ActiveCfg = Debug|Win32
		{5CBD4ABC-5810-4335-90A8-1E118F8D97D7}.Debug|x86.Build.0 = Debug|Win32
		{5CBD4ABC-5810-4335-90A8-1E118F8D97D7}.Release|x64.ActiveCfg = Release|x64
		{5CBD4ABC-5810-4335-90A8-1E118F8D97D7}.Release|x64.Build.0 = Release|x64
		{5CBD4ABC-5810-4335-90A8-1E118F8D97D7}.Release|x86.ActiveCfg = Release|Win32
		{5CBD4ABC-5810-4335-90A8-1E118F8D97D7}.Release|x86.Build.0 = Release|Win32
	EndGlobalSection
	GlobalSection(SolutionProperties) = preSolution
		HideSolutionNode = FALSE
	EndGlobalSection
	GlobalSection(ExtensibilityGlobals) = postSolution
		SolutionGuid = {B7BD66B9-581A-4AF7-9CE6-B14D512E1CB7}
	EndGlobalSection
EndGlobal
